{
  "requires": true,
  "lockfileVersion": 1,
  "dependencies": {
    "@types/firefox-webext-browser": {
      "version": "82.0.1",
      "resolved": "https://registry.npmjs.org/@types/firefox-webext-browser/-/firefox-webext-browser-82.0.1.tgz",
      "integrity": "sha512-odcPKiJ34N8k53clIWen3hLvl09ja7SQ9NqtUbgmqeJ/a/ZRQiF665iXSFPcnl6cBn2XQgEg2lsUUApYNiyj+g=="
    }
  }
}
